
Microsoft Visual Studio Solution File, Format Version 12.00
# Visual Studio 2013
VisualStudioVersion = 12.0.30501.0
MinimumVisualStudioVersion = 10.0.40219.1
Project("{FAE04EC0-301F-11D3-BF4B-00C04F79EFBC}") = "Extrauppgift", "Extrauppgift\Extrauppgift.csproj", "{86C970FB-B8CE-4B70-B5FF-913C3F5A3BF3}"
EndProject
Project("{FAE04EC0-301F-11D3-BF4B-00C04F79EFBC}") = "Extra2", "Extra2\Extra2.csproj", "{264B25E2-CCD1-4C3D-9F52-54B8C8B1A8DB}"
EndProject
Project("{FAE04EC0-301F-11D3-BF4B-00C04F79EFBC}") = "Extra3", "Extra3\Extra3.csproj", "{0717E265-C472-441D-BBA6-AFE2267C0F67}"
EndProject
Project("{FAE04EC0-301F-11D3-BF4B-00C04F79EFBC}") = "Extra4", "Extra4\Extra4.csproj", "{3B0F17C1-F86B-48FF-8DB2-0C02046F832A}"
EndProject
Project("{FAE04EC0-301F-11D3-BF4B-00C04F79EFBC}") = "ex4.2", "ex4.2\ex4.2.csproj", "{CEC24D0F-B6A9-4934-8AA2-DBDB5FD9647F}"
EndProject
Project("{FAE04EC0-301F-11D3-BF4B-00C04F79EFBC}") = "Nr1", "Nr1\Nr1.csproj", "{A46DC6A9-D3BA-4DDC-AD5D-0242542C9478}"
EndProject
Project("{FAE04EC0-301F-11D3-BF4B-00C04F79EFBC}") = "Nr2", "Nr2\Nr2.csproj", "{F4A51632-DC01-4AAF-B548-7AA97C690D88}"
EndProject
Project("{FAE04EC0-301F-11D3-BF4B-00C04F79EFBC}") = "Nr3", "Nr3\Nr3.csproj", "{1CBB7965-276F-48D0-B6CA-B25E26CE79B4}"
EndProject
Project("{FAE04EC0-301F-11D3-BF4B-00C04F79EFBC}") = "Nr4", "Nr4\Nr4.csproj", "{F69BEE33-1F81-483D-BC76-130AC574850E}"
EndProject
Project("{FAE04EC0-301F-11D3-BF4B-00C04F79EFBC}") = "Nr5", "Nr5\Nr5.csproj", "{C3EA524D-6100-423D-94A0-41654CA6CF01}"
EndProject
Project("{FAE04EC0-301F-11D3-BF4B-00C04F79EFBC}") = "ExtraExtra1", "ExtraExtra1\ExtraExtra1.csproj", "{330FDCF6-71E6-4CE1-BABA-771CC2226586}"
EndProject
Project("{FAE04EC0-301F-11D3-BF4B-00C04F79EFBC}") = "Nr 7", "Nr 7\Nr 7.csproj", "{13594D47-E105-4431-A86E-E52BE8A36B08}"
EndProject
Project("{FAE04EC0-301F-11D3-BF4B-00C04F79EFBC}") = "Exercise8", "Exercise8\Exercise8.csproj", "{E8FF123F-CBEE-44C2-82DF-B53B01DBDD74}"
EndProject
Project("{FAE04EC0-301F-11D3-BF4B-00C04F79EFBC}") = "Exercise9", "Exercise9\Exercise9.csproj", "{D290439D-690E-44A1-BD8E-D6CDE5E93F3E}"
EndProject
Project("{FAE04EC0-301F-11D3-BF4B-00C04F79EFBC}") = "Ex5.1", "Ex5.1\Ex5.1.csproj", "{447B16D0-FEAC-46A9-9C1D-A3AC23779FE5}"
EndProject
Global
	GlobalSection(SolutionConfigurationPlatforms) = preSolution
		Debug|Any CPU = Debug|Any CPU
		Release|Any CPU = Release|Any CPU
	EndGlobalSection
	GlobalSection(ProjectConfigurationPlatforms) = postSolution
		{86C970FB-B8CE-4B70-B5FF-913C3F5A3BF3}.Debug|Any CPU.ActiveCfg = Debug|Any CPU
		{86C970FB-B8CE-4B70-B5FF-913C3F5A3BF3}.Debug|Any CPU.Build.0 = Debug|Any CPU
		{86C970FB-B8CE-4B70-B5FF-913C3F5A3BF3}.Release|Any CPU.ActiveCfg = Release|Any CPU
		{86C970FB-B8CE-4B70-B5FF-913C3F5A3BF3}.Release|Any CPU.Build.0 = Release|Any CPU
		{264B25E2-CCD1-4C3D-9F52-54B8C8B1A8DB}.Debug|Any CPU.ActiveCfg = Debug|Any CPU
		{264B25E2-CCD1-4C3D-9F52-54B8C8B1A8DB}.Debug|Any CPU.Build.0 = Debug|Any CPU
		{264B25E2-CCD1-4C3D-9F52-54B8C8B1A8DB}.Release|Any CPU.ActiveCfg = Release|Any CPU
		{264B25E2-CCD1-4C3D-9F52-54B8C8B1A8DB}.Release|Any CPU.Build.0 = Release|Any CPU
		{0717E265-C472-441D-BBA6-AFE2267C0F67}.Debug|Any CPU.ActiveCfg = Debug|Any CPU
		{0717E265-C472-441D-BBA6-AFE2267C0F67}.Debug|Any CPU.Build.0 = Debug|Any CPU
		{0717E265-C472-441D-BBA6-AFE2267C0F67}.Release|Any CPU.ActiveCfg = Release|Any CPU
		{0717E265-C472-441D-BBA6-AFE2267C0F67}.Release|Any CPU.Build.0 = Release|Any CPU
		{3B0F17C1-F86B-48FF-8DB2-0C02046F832A}.Debug|Any CPU.ActiveCfg = Debug|Any CPU
		{3B0F17C1-F86B-48FF-8DB2-0C02046F832A}.Debug|Any CPU.Build.0 = Debug|Any CPU
		{3B0F17C1-F86B-48FF-8DB2-0C02046F832A}.Release|Any CPU.ActiveCfg = Release|Any CPU
		{3B0F17C1-F86B-48FF-8DB2-0C02046F832A}.Release|Any CPU.Build.0 = Release|Any CPU
		{CEC24D0F-B6A9-4934-8AA2-DBDB5FD9647F}.Debug|Any CPU.ActiveCfg = Debug|Any CPU
		{CEC24D0F-B6A9-4934-8AA2-DBDB5FD9647F}.Debug|Any CPU.Build.0 = Debug|Any CPU
		{CEC24D0F-B6A9-4934-8AA2-DBDB5FD9647F}.Release|Any CPU.ActiveCfg = Release|Any CPU
		{CEC24D0F-B6A9-4934-8AA2-DBDB5FD9647F}.Release|Any CPU.Build.0 = Release|Any CPU
		{A46DC6A9-D3BA-4DDC-AD5D-0242542C9478}.Debug|Any CPU.ActiveCfg = Debug|Any CPU
		{A46DC6A9-D3BA-4DDC-AD5D-0242542C9478}.Debug|Any CPU.Build.0 = Debug|Any CPU
		{A46DC6A9-D3BA-4DDC-AD5D-0242542C9478}.Release|Any CPU.ActiveCfg = Release|Any CPU
		{A46DC6A9-D3BA-4DDC-AD5D-0242542C9478}.Release|Any CPU.Build.0 = Release|Any CPU
		{F4A51632-DC01-4AAF-B548-7AA97C690D88}.Debug|Any CPU.ActiveCfg = Debug|Any CPU
		{F4A51632-DC01-4AAF-B548-7AA97C690D88}.Debug|Any CPU.Build.0 = Debug|Any CPU
		{F4A51632-DC01-4AAF-B548-7AA97C690D88}.Release|Any CPU.ActiveCfg = Release|Any CPU
		{F4A51632-DC01-4AAF-B548-7AA97C690D88}.Release|Any CPU.Build.0 = Release|Any CPU
		{1CBB7965-276F-48D0-B6CA-B25E26CE79B4}.Debug|Any CPU.ActiveCfg = Debug|Any CPU
		{1CBB7965-276F-48D0-B6CA-B25E26CE79B4}.Debug|Any CPU.Build.0 = Debug|Any CPU
		{1CBB7965-276F-48D0-B6CA-B25E26CE79B4}.Release|Any CPU.ActiveCfg = Release|Any CPU
		{1CBB7965-276F-48D0-B6CA-B25E26CE79B4}.Release|Any CPU.Build.0 = Release|Any CPU
		{F69BEE33-1F81-483D-BC76-130AC574850E}.Debug|Any CPU.ActiveCfg = Debug|Any CPU
		{F69BEE33-1F81-483D-BC76-130AC574850E}.Debug|Any CPU.Build.0 = Debug|Any CPU
		{F69BEE33-1F81-483D-BC76-130AC574850E}.Release|Any CPU.ActiveCfg = Release|Any CPU
		{F69BEE33-1F81-483D-BC76-130AC574850E}.Release|Any CPU.Build.0 = Release|Any CPU
		{C3EA524D-6100-423D-94A0-41654CA6CF01}.Debug|Any CPU.ActiveCfg = Debug|Any CPU
		{C3EA524D-6100-423D-94A0-41654CA6CF01}.Debug|Any CPU.Build.0 = Debug|Any CPU
		{C3EA524D-6100-423D-94A0-41654CA6CF01}.Release|Any CPU.ActiveCfg = Release|Any CPU
		{C3EA524D-6100-423D-94A0-41654CA6CF01}.Release|Any CPU.Build.0 = Release|Any CPU
		{330FDCF6-71E6-4CE1-BABA-771CC2226586}.Debug|Any CPU.ActiveCfg = Debug|Any CPU
		{330FDCF6-71E6-4CE1-BABA-771CC2226586}.Debug|Any CPU.Build.0 = Debug|Any CPU
		{330FDCF6-71E6-4CE1-BABA-771CC2226586}.Release|Any CPU.ActiveCfg = Release|Any CPU
		{330FDCF6-71E6-4CE1-BABA-771CC2226586}.Release|Any CPU.Build.0 = Release|Any CPU
		{13594D47-E105-4431-A86E-E52BE8A36B08}.Debug|Any CPU.ActiveCfg = Debug|Any CPU
		{13594D47-E105-4431-A86E-E52BE8A36B08}.Debug|Any CPU.Build.0 = Debug|Any CPU
		{13594D47-E105-4431-A86E-E52BE8A36B08}.Release|Any CPU.ActiveCfg = Release|Any CPU
		{13594D47-E105-4431-A86E-E52BE8A36B08}.Release|Any CPU.Build.0 = Release|Any CPU
		{E8FF123F-CBEE-44C2-82DF-B53B01DBDD74}.Debug|Any CPU.ActiveCfg = Debug|Any CPU
		{E8FF123F-CBEE-44C2-82DF-B53B01DBDD74}.Debug|Any CPU.Build.0 = Debug|Any CPU
		{E8FF123F-CBEE-44C2-82DF-B53B01DBDD74}.Release|Any CPU.ActiveCfg = Release|Any CPU
		{E8FF123F-CBEE-44C2-82DF-B53B01DBDD74}.Release|Any CPU.Build.0 = Release|Any CPU
		{D290439D-690E-44A1-BD8E-D6CDE5E93F3E}.Debug|Any CPU.ActiveCfg = Debug|Any CPU
		{D290439D-690E-44A1-BD8E-D6CDE5E93F3E}.Debug|Any CPU.Build.0 = Debug|Any CPU
		{D290439D-690E-44A1-BD8E-D6CDE5E93F3E}.Release|Any CPU.ActiveCfg = Release|Any CPU
		{D290439D-690E-44A1-BD8E-D6CDE5E93F3E}.Release|Any CPU.Build.0 = Release|Any CPU
		{447B16D0-FEAC-46A9-9C1D-A3AC23779FE5}.Debug|Any CPU.ActiveCfg = Debug|Any CPU
		{447B16D0-FEAC-46A9-9C1D-A3AC23779FE5}.Debug|Any CPU.Build.0 = Debug|Any CPU
		{447B16D0-FEAC-46A9-9C1D-A3AC23779FE5}.Release|Any CPU.ActiveCfg = Release|Any CPU
		{447B16D0-FEAC-46A9-9C1D-A3AC23779FE5}.Release|Any CPU.Build.0 = Release|Any CPU
	EndGlobalSection
	GlobalSection(SolutionProperties) = preSolution
		HideSolutionNode = FALSE
	EndGlobalSection
EndGlobal
